<?xml version="1.0" encoding="UTF-8" standalone="yes" ?>
<CodeBlocks_project_file>
	<FileVersion major="1" minor="6" />
	<Project>
		<Option title="petal" />
		<Option pch_mode="2" />
		<Option compiler="gcc" />
		<Build>
			<Target title="Debug">
				<Option output="bin/Debug/petal" prefix_auto="1" extension_auto="1" />
				<Option object_output="obj/Debug/" />
				<Option type="1" />
				<Option compiler="gcc" />
				<Option parameters="d:\datasets\german_5ef.pmeta d:\datasets\german_5ef.pdata  -td:\datasets\german_5ef.pdata -lnb " />
				<Compiler>
					<Add option="-g" />
				</Compiler>
			</Target>
			<Target title="Release">
				<Option output="bin/Release/petal" prefix_auto="1" extension_auto="1" />
				<Option object_output="obj/Release/" />
				<Option type="1" />
				<Option compiler="gcc" />
				<Compiler>
					<Add option="-O2" />
				</Compiler>
				<Linker>
					<Add option="-s" />
				</Linker>
			</Target>
		</Build>
		<Compiler>
			<Add option="-Wall" />
			<Add option="-fexceptions" />
		</Compiler>
		<Unit filename="ALGLIB_ap.cpp" />
		<Unit filename="ALGLIB_ap.h" />
		<Unit filename="ALGLIB_specialfunctions.cpp" />
		<Unit filename="ALGLIB_specialfunctions.h" />
		<Unit filename="AdaBoost.cpp" />
		<Unit filename="AdaBoost.h" />
		<Unit filename="AddressableInstanceStream.h" />
		<Unit filename="DEPQ.h" />
		<Unit filename="DTree.cpp" />
		<Unit filename="DTree.h" />
		<Unit filename="FILEtype.h" />
		<Unit filename="Feating2Learner.cpp" />
		<Unit filename="Feating2Learner.h" />
		<Unit filename="Feating3Learner.cpp" />
		<Unit filename="Feating3Learner.h" />
		<Unit filename="FilterSet.cpp" />
		<Unit filename="FilterSet.h" />
		<Unit filename="IndirectInstanceSample.cpp" />
		<Unit filename="IndirectInstanceSample.h" />
		<Unit filename="IndirectInstanceStream.cpp" />
		<Unit filename="IndirectInstanceStream.h" />
		<Unit filename="IndirectInstanceSubstream.cpp" />
		<Unit filename="IndirectInstanceSubstream.h" />
		<Unit filename="LR_SGD.cpp" />
		<Unit filename="LR_SGD.h" />
		<Unit filename="MDLBinaryDiscretiser.cpp" />
		<Unit filename="MDLBinaryDiscretiser.h" />
		<Unit filename="MDLDiscretiser.cpp" />
		<Unit filename="MDLDiscretiser.h" />
		<Unit filename="MultiAccessStoredInstanceStream.cpp" />
		<Unit filename="MultiAccessStoredInstanceStream.h" />
		<Unit filename="OPUSMinerCR/OMCRglobals.cpp" />
		<Unit filename="OPUSMinerCR/OMCRglobals.h" />
		<Unit filename="OPUSMinerCR/OMCRutils.cpp" />
		<Unit filename="OPUSMinerCR/OMCRutils.h" />
		<Unit filename="OPUSMinerCR/filter_rules.cpp" />
		<Unit filename="OPUSMinerCR/filter_rules.h" />
		<Unit filename="OPUSMinerCR/find_closure.cpp" />
		<Unit filename="OPUSMinerCR/find_closure.h" />
		<Unit filename="OPUSMinerCR/find_rules.cpp" />
		<Unit filename="OPUSMinerCR/find_rules.h" />
		<Unit filename="OPUSMinerCR/fisher.cpp" />
		<Unit filename="OPUSMinerCR/fisher.h" />
		<Unit filename="OPUSMinerCR/itemQClass.cpp" />
		<Unit filename="OPUSMinerCR/itemQClass.h" />
		<Unit filename="OPUSMinerCR/itemset.cpp" />
		<Unit filename="OPUSMinerCR/itemset.h" />
		<Unit filename="OPUSMinerCR/load_data.cpp" />
		<Unit filename="OPUSMinerCR/load_data.h" />
		<Unit filename="OPUSMinerCR/print_rules.cpp" />
		<Unit filename="OPUSMinerCR/print_rules.h" />
		<Unit filename="OPUSMinerCR/rule.h" />
		<Unit filename="OPUSMinerCR/tidset.cpp" />
		<Unit filename="OPUSMinerCR/tidset.h" />
		<Unit filename="RFDTree.cpp" />
		<Unit filename="RFDTree.h" />
		<Unit filename="ShuffledInstanceStream.cpp" />
		<Unit filename="ShuffledInstanceStream.h" />
		<Unit filename="StoredIndirectInstanceStream.cpp" />
		<Unit filename="StoredIndirectInstanceStream.h" />
		<Unit filename="StoredInstanceStream.cpp" />
		<Unit filename="StoredInstanceStream.h" />
		<Unit filename="a2de.cpp" />
		<Unit filename="a2de.h" />
		<Unit filename="a2de2.cpp" />
		<Unit filename="a2de2.h" />
		<Unit filename="a2de_diselect.cpp" />
		<Unit filename="a2de_diselect.h" />
		<Unit filename="a2de_ms.cpp" />
		<Unit filename="a2de_ms.h" />
		<Unit filename="a2je.cpp" />
		<Unit filename="a2je.h" />
		<Unit filename="a3de.cpp" />
		<Unit filename="a3de.h" />
		<Unit filename="a3de_ms.cpp" />
		<Unit filename="a3de_ms.h" />
		<Unit filename="alglibinternal.cpp" />
		<Unit filename="alglibinternal.h" />
		<Unit filename="aode.cpp" />
		<Unit filename="aode.h" />
		<Unit filename="aodeBSE.cpp" />
		<Unit filename="aodeBSE.h" />
		<Unit filename="aodeDist.cpp" />
		<Unit filename="aodeDist.h" />
		<Unit filename="aodeEager.cpp" />
		<Unit filename="aodeEager.h" />
		<Unit filename="aodeExt.cpp" />
		<Unit filename="aodeExt.h" />
		<Unit filename="aode_pw.cpp" />
		<Unit filename="arithmetic_ansi.h" />
		<Unit filename="baggedLearner.cpp" />
		<Unit filename="baggedLearner.h" />
		<Unit filename="biasVarianceInstanceStream.cpp" />
		<Unit filename="biasVarianceInstanceStream.h" />
		<Unit filename="biasvariance.cpp" />
		<Unit filename="biasvariance.h" />
		<Unit filename="capabilities.cpp" />
		<Unit filename="capabilities.h" />
		<Unit filename="cbn.cpp" />
		<Unit filename="cbn.h" />
		<Unit filename="classAttMI.cpp" />
		<Unit filename="classAttMI.h" />
		<Unit filename="cmiCrossTab.cpp" />
		<Unit filename="cmiCrossTab.h" />
		<Unit filename="correlationMeasures.cpp" />
		<Unit filename="correlationMeasures.h" />
		<Unit filename="crosstab.h" />
		<Unit filename="crosstab3d.h" />
		<Unit filename="dataStatistics.cpp" />
		<Unit filename="dataStatistics.h" />
		<Unit filename="dataStatisticsAction.cpp" />
		<Unit filename="dataStatisticsAction.h" />
		<Unit filename="derivedInstanceStream.cpp" />
		<Unit filename="derivedInstanceStream.h" />
		<Unit filename="discretiser.cpp" />
		<Unit filename="discretiser.h" />
		<Unit filename="distributionTree.cpp" />
		<Unit filename="distributionTree.h" />
		<Unit filename="distributionTreeEager.cpp" />
		<Unit filename="distributionTreeEager.h" />
		<Unit filename="emptyTest.cpp" />
		<Unit filename="emptyTest.h" />
		<Unit filename="ensembleLearner.cpp" />
		<Unit filename="ensembleLearner.h" />
		<Unit filename="eqDepthDiscretiser.cpp" />
		<Unit filename="eqDepthDiscretiser.h" />
		<Unit filename="extLearnLibSVM.cpp" />
		<Unit filename="extLearnLibSVM.h" />
		<Unit filename="extLearnOMCLPBoost.cpp" />
		<Unit filename="extLearnOMCLPBoost.h" />
		<Unit filename="extLearnPetal.cpp" />
		<Unit filename="extLearnPetal.h" />
		<Unit filename="extLearnSVMSGD.cpp" />
		<Unit filename="extLearnSVMSGD.h" />
		<Unit filename="extLearnVW.cpp" />
		<Unit filename="extLearnVW.h" />
		<Unit filename="extLearnWeka.cpp" />
		<Unit filename="extLearnWeka.h" />
		<Unit filename="externLearner.cpp" />
		<Unit filename="externLearner.h" />
		<Unit filename="externXVal.cpp" />
		<Unit filename="externXVal.h" />
		<Unit filename="featingLearner.cpp" />
		<Unit filename="featingLearner.h" />
		<Unit filename="filteredInstanceStream.cpp" />
		<Unit filename="filteredInstanceStream.h" />
		<Unit filename="filteredLearner.cpp" />
		<Unit filename="filteredLearner.h" />
		<Unit filename="globals.cpp" />
		<Unit filename="globals.h" />
		<Unit filename="gnb.cpp" />
		<Unit filename="gnb.h" />
		<Unit filename="incrementalLearner.cpp" />
		<Unit filename="incrementalLearner.h" />
		<Unit filename="instance.cpp" />
		<Unit filename="instance.h" />
		<Unit filename="instanceFile.cpp" />
		<Unit filename="instanceFile.h" />
		<Unit filename="instanceSample.cpp" />
		<Unit filename="instanceSample.h" />
		<Unit filename="instanceStream.cpp" />
		<Unit filename="instanceStream.h" />
		<Unit filename="instanceStreamClassFilter.cpp" />
		<Unit filename="instanceStreamClassFilter.h" />
		<Unit filename="instanceStreamDiscretiser.cpp" />
		<Unit filename="instanceStreamDiscretiser.h" />
		<Unit filename="instanceStreamDynamicDiscretiser.cpp" />
		<Unit filename="instanceStreamDynamicDiscretiser.h" />
		<Unit filename="instanceStreamDynamicPIDDiscretiser.cpp" />
		<Unit filename="instanceStreamDynamicPIDDiscretiser.h" />
		<Unit filename="instanceStreamFeatureConstructor.cpp" />
		<Unit filename="instanceStreamFeatureConstructor.h" />
		<Unit filename="instanceStreamFilter.cpp" />
		<Unit filename="instanceStreamFilter.h" />
		<Unit filename="instanceStreamNormalisationFilter.cpp" />
		<Unit filename="instanceStreamNormalisationFilter.h" />
		<Unit filename="instanceStreamQuadraticFilter.cpp" />
		<Unit filename="instanceStreamQuadraticFilter.h" />
		<Unit filename="kdb.cpp" />
		<Unit filename="kdb.h" />
		<Unit filename="kdbCDRAM.h" />
		<Unit filename="kdbCDdisc.cpp" />
		<Unit filename="kdbCDdisc.h" />
		<Unit filename="kdbEager.cpp" />
		<Unit filename="kdbEager.h" />
		<Unit filename="kdbExt.cpp" />
		<Unit filename="kdbExt.h" />
		<Unit filename="kdbGaussian.h" />
		<Unit filename="kdbSelective.cpp" />
		<Unit filename="kdbSelective.h" />
		<Unit filename="kdbSelectiveClean.cpp" />
		<Unit filename="kdbSelectiveClean.h" />
		<Unit filename="lbfgs.c">
			<Option compilerVar="CC" />
		</Unit>
		<Unit filename="lbfgs.h" />
		<Unit filename="learner.cpp" />
		<Unit filename="learner.h" />
		<Unit filename="learnerRegistry.cpp" />
		<Unit filename="learnerRegistry.h" />
		<Unit filename="learningCurves.cpp" />
		<Unit filename="learningCurves.h" />
		<Unit filename="lr.cpp" />
		<Unit filename="lr.h" />
		<Unit filename="mtrand.cpp" />
		<Unit filename="mtrand.h" />
		<Unit filename="nb.cpp" />
		<Unit filename="nb.h" />
		<Unit filename="petal.cpp" />
		<Unit filename="random.cpp" />
		<Unit filename="random.h" />
		<Unit filename="sampler.cpp" />
		<Unit filename="sampler.h" />
		<Unit filename="smoothing.h" />
		<Unit filename="stackedLearner.cpp" />
		<Unit filename="stackedLearner.h" />
		<Unit filename="streamTest.cpp" />
		<Unit filename="streamTest.h" />
		<Unit filename="subspaceLRSGD.cpp" />
		<Unit filename="subspaceLRSGD.h" />
		<Unit filename="syntheticInstanceStream.cpp" />
		<Unit filename="syntheticInstanceStream.h" />
		<Unit filename="tan.cpp" />
		<Unit filename="tan.h" />
		<Unit filename="trainTest.cpp" />
		<Unit filename="trainTest.h" />
		<Unit filename="utils.cpp" />
		<Unit filename="utils.h" />
		<Unit filename="xVal.cpp" />
		<Unit filename="xVal.h" />
		<Unit filename="xValInstanceStream.cpp" />
		<Unit filename="xValInstanceStream.h" />
		<Unit filename="xxxxyDist.cpp" />
		<Unit filename="xxxxyDist.h" />
		<Unit filename="xxxxyDist3.cpp" />
		<Unit filename="xxxxyDist3.h" />
		<Unit filename="xxxyDist.cpp" />
		<Unit filename="xxxyDist.h" />
		<Unit filename="xxxyDist2.cpp" />
		<Unit filename="xxxyDist2.h" />
		<Unit filename="xxxyDist3.cpp" />
		<Unit filename="xxxyDist3.h" />
		<Unit filename="xxxyDist4.cpp" />
		<Unit filename="xxxyDist4.h" />
		<Unit filename="xxyDist.cpp" />
		<Unit filename="xxyDist.h" />
		<Unit filename="xxyDistEager.cpp" />
		<Unit filename="xxyDistEager.h" />
		<Unit filename="xyDist.cpp" />
		<Unit filename="xyDist.h" />
		<Unit filename="xyGaussDist.cpp" />
		<Unit filename="xyGaussDist.h" />
		<Unit filename="yDist.cpp" />
		<Unit filename="yDist.h" />
		<Extensions>
			<lib_finder disable_auto="1" />
			<code_completion />
			<envvars />
			<debugger />
		</Extensions>
	</Project>
</CodeBlocks_project_file>
